# THIS IS AN AUTOGENERATED FILE. DO NOT EDIT THIS FILE DIRECTLY.
# yarn lockfile v1


"@types/node@^22.10.10":
  version "22.13.5"
  resolved "https://registry.yarnpkg.com/@types/node/-/node-22.13.5.tgz#23add1d71acddab2c6a4d31db89c0f98d330b511"
  integrity sha512-+lTU0PxZXn0Dr1NBtC7Y8cR21AJr87dLLU953CWA6pMxxv/UDc7jYAY90upcrie1nRcD6XNG5HOYEDtgW5TxAg==
  dependencies:
    undici-types "~6.20.0"

base64-js@^1.2.0, base64-js@^1.3.1:
  version "1.5.1"
  resolved "https://registry.yarnpkg.com/base64-js/-/base64-js-1.5.1.tgz#1b1b440160a5bf7ad40b650f095963481903930a"
  integrity sha512-AKpaYlHn8t4SVbOHCy+b5+KKgvR4vrsD8vbvrbiQJps7fKDTkjkDry6ji0rUJjC0kzbNePLwzxq8iypo41qeWA==

boolbase@~1.0.0:
  version "1.0.0"
  resolved "https://registry.yarnpkg.com/boolbase/-/boolbase-1.0.0.tgz#68dff5fbe60c51eb37725ea9e3ed310dcc1e776e"
  integrity sha512-JZOSA7Mo9sNGB8+UjSgzdLtokWAky1zbztM3WRLCbZ70/3cTANmQmOdR7y2g+J0e2WXywy1yS468tY+IruqEww==

buffer@^5.0.7:
  version "5.7.1"
  resolved "https://registry.yarnpkg.com/buffer/-/buffer-5.7.1.tgz#ba62e7c13133053582197160851a8f648e99eed0"
  integrity sha512-EHcyIPBQ4BSGlvjB16k5KgAJ27CIsHY/2JBmCRReo48y9rQ3MaUzWX3KVlBa4U7MyX02HdVj0K7C3WaB3ju7FQ==
  dependencies:
    base64-js "^1.3.1"
    ieee754 "^1.1.13"

core-util-is@~1.0.0:
  version "1.0.3"
  resolved "https://registry.yarnpkg.com/core-util-is/-/core-util-is-1.0.3.tgz#a6042d3634c2b27e9328f837b965fac83808db85"
  integrity sha512-ZQBvi1DcpJ4GDqanjucZ2Hj3wEO5pZDS89BWbkcrvdxksJorwUDDZamX9ldFkp9aw2lmBDLgkObEA4DWNJ9FYQ==

css-select@~1.2.0:
  version "1.2.0"
  resolved "https://registry.yarnpkg.com/css-select/-/css-select-1.2.0.tgz#2b3a110539c5355f1cd8d314623e870b121ec858"
  integrity sha512-dUQOBoqdR7QwV90WysXPLXG5LO7nhYBgiWVfxF80DKPF8zx1t/pUd2FYy73emg3zrjtM6dzmYgbHKfV2rxiHQA==
  dependencies:
    boolbase "~1.0.0"
    css-what "2.1"
    domutils "1.5.1"
    nth-check "~1.0.1"

css-what@2.1:
  version "2.1.3"
  resolved "https://registry.yarnpkg.com/css-what/-/css-what-2.1.3.tgz#a6d7604573365fe74686c3f311c56513d88285f2"
  integrity sha512-a+EPoD+uZiNfh+5fxw2nO9QwFa6nJe2Or35fGY6Ipw1R3R4AGz1d1TEZrCegvw2YTmZ0jXirGYlzxxpYSHwpEg==

dom-serializer@0:
  version "0.2.2"
  resolved "https://registry.yarnpkg.com/dom-serializer/-/dom-serializer-0.2.2.tgz#1afb81f533717175d478655debc5e332d9f9bb51"
  integrity sha512-2/xPb3ORsQ42nHYiSunXkDjPLBaEj/xTwUO4B7XCZQTRk7EBtTOPaygh10YAAh2OI1Qrp6NWfpAhzswj0ydt9g==
  dependencies:
    domelementtype "^2.0.1"
    entities "^2.0.0"

dom-serializer@~0.1.0:
  version "0.1.1"
  resolved "https://registry.yarnpkg.com/dom-serializer/-/dom-serializer-0.1.1.tgz#1ec4059e284babed36eec2941d4a970a189ce7c0"
  integrity sha512-l0IU0pPzLWSHBcieZbpOKgkIn3ts3vAh7ZuFyXNwJxJXk/c4Gwj9xaTJwIDVQCXawWD0qb3IzMGH5rglQaO0XA==
  dependencies:
    domelementtype "^1.3.0"
    entities "^1.1.1"

domelementtype@1, domelementtype@^1.3.0:
  version "1.3.1"
  resolved "https://registry.yarnpkg.com/domelementtype/-/domelementtype-1.3.1.tgz#d048c44b37b0d10a7f2a3d5fee3f4333d790481f"
  integrity sha512-BSKB+TSpMpFI/HOxCNr1O8aMOTZ8hT3pM3GQ0w/mWRmkhEDSFJkkyzz4XQsBV44BChwGkrDfMyjVD0eA2aFV3w==

domelementtype@^2.0.1:
  version "2.3.0"
  resolved "https://registry.yarnpkg.com/domelementtype/-/domelementtype-2.3.0.tgz#5c45e8e869952626331d7aab326d01daf65d589d"
  integrity sha512-OLETBj6w0OsagBwdXnPdN0cnMfF9opN69co+7ZrbfPGrdpPVNBUj02spi6B1N7wChLQiPn4CSH/zJvXw56gmHw==

domhandler@^2.3.0:
  version "2.4.2"
  resolved "https://registry.yarnpkg.com/domhandler/-/domhandler-2.4.2.tgz#8805097e933d65e85546f726d60f5eb88b44f803"
  integrity sha512-JiK04h0Ht5u/80fdLMCEmV4zkNh2BcoMFBmZ/91WtYZ8qVXSKjiw7fXMgFPnHcSZgOo3XdinHvmnDUeMf5R4wA==
  dependencies:
    domelementtype "1"

domutils@1.5.1:
  version "1.5.1"
  resolved "https://registry.yarnpkg.com/domutils/-/domutils-1.5.1.tgz#dcd8488a26f563d61079e48c9f7b7e32373682cf"
  integrity sha512-gSu5Oi/I+3wDENBsOWBiRK1eoGxcywYSqg3rR960/+EfY0CF4EX1VPkgHOZ3WiS/Jg2DtliF6BhWcHlfpYUcGw==
  dependencies:
    dom-serializer "0"
    domelementtype "1"

domutils@^1.5.1:
  version "1.7.0"
  resolved "https://registry.yarnpkg.com/domutils/-/domutils-1.7.0.tgz#56ea341e834e06e6748af7a1cb25da67ea9f8c2a"
  integrity sha512-Lgd2XcJ/NjEw+7tFvfKxOzCYKZsdct5lczQ2ZaQY8Djz7pfAD3Gbp8ySJWtreII/vDlMVmxwa6pHmdxIYgttDg==
  dependencies:
    dom-serializer "0"
    domelementtype "1"

entities@^1.1.1, entities@~1.1.1:
  version "1.1.2"
  resolved "https://registry.yarnpkg.com/entities/-/entities-1.1.2.tgz#bdfa735299664dfafd34529ed4f8522a275fea56"
  integrity sha512-f2LZMYl1Fzu7YSBKg+RoROelpOaNrcGmE9AZubeDfrCEia483oW4MI4VyFd5VNHIgQ/7qm1I0wUHK1eJnn2y2w==

entities@^2.0.0:
  version "2.2.0"
  resolved "https://registry.yarnpkg.com/entities/-/entities-2.2.0.tgz#098dc90ebb83d8dffa089d55256b351d34c4da55"
  integrity sha512-p92if5Nz619I0w+akJrLZH0MX0Pb5DX39XOwQTtXSdQQOaYH03S1uIQp4mhOZtAXrxq4ViO67YTiLBo2638o9A==

eventemitter2@^1.0.0:
  version "1.0.5"
  resolved "https://registry.yarnpkg.com/eventemitter2/-/eventemitter2-1.0.5.tgz#f983610517b1737c0b9dc643beca93893c04df18"
  integrity sha512-EUFhWUYzqqBZlzBMI+dPU8rnKXfQZEUnitnccQuEIAnvWFHCpt3+4fts2+4dpxLtlsiseVXCMFg37KjYChSxpg==

htmlparser2-without-node-native@^3.9.0:
  version "3.9.2"
  resolved "https://registry.yarnpkg.com/htmlparser2-without-node-native/-/htmlparser2-without-node-native-3.9.2.tgz#b3ed050d877d0ff3465969e339877b7f9f6631f6"
  integrity sha512-+FplQXqmY5fRx6vCIp2P5urWaoBCpTNJMXnKP/6mNCcyb+AZWWJzA8D03peXfozlxDL+vpgLK5dJblqEgu8j6A==
  dependencies:
    domelementtype "^1.3.0"
    domhandler "^2.3.0"
    domutils "^1.5.1"
    entities "^1.1.1"
    eventemitter2 "^1.0.0"
    inherits "^2.0.1"
    readable-stream "^2.0.2"

ieee754@^1.1.13, ieee754@^1.1.8:
  version "1.2.1"
  resolved "https://registry.yarnpkg.com/ieee754/-/ieee754-1.2.1.tgz#8eb7a10a63fff25d15a57b001586d177d1b0d352"
  integrity sha512-dcyqhDvX1C46lXZcVqCpK+FtMRQVdIMN6/Df5js2zouUsqG7I6sFxitIC+7KYK29KdXOLHdu9zL4sFnoVQnqaA==

inherits@^2.0.1, inherits@~2.0.3:
  version "2.0.4"
  resolved "https://registry.yarnpkg.com/inherits/-/inherits-2.0.4.tgz#0fa2c64f932917c3433a0ded55363aae37416b7c"
  integrity sha512-k/vGaX4/Yla3WzyMCvTQOXYeIHvqOKtnqBduzTHpzpQZzAskKMhZ2K+EnBiSM9zGSoIFeMpXKxa4dYeZIQqewQ==

isarray@~1.0.0:
  version "1.0.0"
  resolved "https://registry.yarnpkg.com/isarray/-/isarray-1.0.0.tgz#bb935d48582cba168c06834957a54a3e07124f11"
  integrity sha512-VLghIWNM6ELQzo7zwmcg0NmTVyWKYjvIeM83yjp0wRDTmUnrM678fQbcKBo6n2CJEF0szoG//ytg+TKla89ALQ==

lodash@^4.15.0:
  version "4.17.21"
  resolved "https://registry.yarnpkg.com/lodash/-/lodash-4.17.21.tgz#679591c564c3bffaae8454cf0b3df370c3d6911c"
  integrity sha512-v2kDEe57lecTulaDIuNTPy3Ry4gLGJ6Z1O3vE1krgXZNrsQ+LFTGHVxVjcXPs17LhbZVGedAJv8XZ1tvj5FvSg==

nth-check@~1.0.1:
  version "1.0.2"
  resolved "https://registry.yarnpkg.com/nth-check/-/nth-check-1.0.2.tgz#b2bd295c37e3dd58a3bf0700376663ba4d9cf05c"
  integrity sha512-WeBOdju8SnzPN5vTUJYxYUxLeXpCaVP5i5e0LF8fg7WORF2Wd7wFX/pk0tYZk7s8T+J7VLy0Da6J1+wCT0AtHg==
  dependencies:
    boolbase "~1.0.0"

process-nextick-args@~2.0.0:
  version "2.0.1"
  resolved "https://registry.yarnpkg.com/process-nextick-args/-/process-nextick-args-2.0.1.tgz#7820d9b16120cc55ca9ae7792680ae7dba6d7fe2"
  integrity sha512-3ouUOpQhtgrbOa17J7+uxOTpITYWaGP7/AhoR3+A+/1e9skrzelGi/dXzEYyvbxubEF6Wn2ypscTKiKJFFn1ag==

react-native-cheerio@^1.0.0-rc.4:
  version "1.0.0-rc.4"
  resolved "https://registry.yarnpkg.com/react-native-cheerio/-/react-native-cheerio-1.0.0-rc.4.tgz#bab0c1fe5888bbd69481d9b928d58b525f18f3b1"
  integrity sha512-V2nAoxikHGV1vl2nKL2rlw832Ze+p8op5p6MDltd5ZrEZGp1+eTl+qjC+l4TY9ju3CNpt/uiNuOEQoWqgdwzUQ==
  dependencies:
    buffer "^5.0.7"
    css-select "~1.2.0"
    dom-serializer "~0.1.0"
    entities "~1.1.1"
    htmlparser2-without-node-native "^3.9.0"
    lodash "^4.15.0"
    react-native-parse-html "^2.2.6"

react-native-crypto-js@^1.0.0:
  version "1.0.0"
  resolved "https://registry.yarnpkg.com/react-native-crypto-js/-/react-native-crypto-js-1.0.0.tgz#e677e022e147f41b35614416c92d655f87e2450a"
  integrity sha512-FNbLuG/HAdapQoybeZSoes1PWdOj0w242gb+e1R0hicf3Gyj/Mf8M9NaED2AnXVOX01b2FXomwUiw1xP1K+8sA==

react-native-parse-html@^2.2.6:
  version "2.2.6"
  resolved "https://registry.yarnpkg.com/react-native-parse-html/-/react-native-parse-html-2.2.6.tgz#21f28f97b38407784759bc59e244b51109d9cc87"
  integrity sha512-NGb4krr8uc9yuumsMB88w3Cf2Ud5QkOJoGibmh7zt5XPNPgmA0L7GLbogLcPy7F5hHT0L7vsuNg4mzrAVh02Og==
  dependencies:
    react-native-stream "^0.1.0"

react-native-stream@^0.1.0:
  version "0.1.9"
  resolved "https://registry.yarnpkg.com/react-native-stream/-/react-native-stream-0.1.9.tgz#13680cce893ca7d34a86664d9d5b4ee1a772c97c"
  integrity sha512-qA35cx5JKy3HMUvbcqeRGtT6kOsd1ciUyI4+tfCKwooj180z/OarjfZ25KzC/ybPAaW/zpR2Sk9XGRhKJBMa+w==
  dependencies:
    base64-js "^1.2.0"
    ieee754 "^1.1.8"

readable-stream@^2.0.2:
  version "2.3.8"
  resolved "https://registry.yarnpkg.com/readable-stream/-/readable-stream-2.3.8.tgz#91125e8042bba1b9887f49345f6277027ce8be9b"
  integrity sha512-8p0AUk4XODgIewSi0l8Epjs+EVnWiK7NoDIEGU0HhE7+ZyY8D1IMY7odu5lRrFXGg71L15KG8QrPmum45RTtdA==
  dependencies:
    core-util-is "~1.0.0"
    inherits "~2.0.3"
    isarray "~1.0.0"
    process-nextick-args "~2.0.0"
    safe-buffer "~5.1.1"
    string_decoder "~1.1.1"
    util-deprecate "~1.0.1"

safe-buffer@~5.1.0, safe-buffer@~5.1.1:
  version "5.1.2"
  resolved "https://registry.yarnpkg.com/safe-buffer/-/safe-buffer-5.1.2.tgz#991ec69d296e0313747d59bdfd2b745c35f8828d"
  integrity sha512-Gd2UZBJDkXlY7GbJxfsE8/nvKkUEU1G38c1siN6QP6a9PT9MmHB8GnpscSmMJSoF8LOIrt8ud/wPtojys4G6+g==

string_decoder@~1.1.1:
  version "1.1.1"
  resolved "https://registry.yarnpkg.com/string_decoder/-/string_decoder-1.1.1.tgz#9cf1611ba62685d7030ae9e4ba34149c3af03fc8"
  integrity sha512-n/ShnvDi6FHbbVfviro+WojiFzv+s8MPMHBczVePfUpDJLwoLT0ht1l4YwBCbi8pJAveEEdnkHyPyTP/mzRfwg==
  dependencies:
    safe-buffer "~5.1.0"

typescript@^5.7.3:
  version "5.7.3"
  resolved "https://registry.yarnpkg.com/typescript/-/typescript-5.7.3.tgz#919b44a7dbb8583a9b856d162be24a54bf80073e"
  integrity sha512-84MVSjMEHP+FQRPy3pX9sTVV/INIex71s9TL2Gm5FG/WG1SqXeKyZ0k7/blY/4FdOzI12CBy1vGc4og/eus0fw==

undici-types@~6.20.0:
  version "6.20.0"
  resolved "https://registry.yarnpkg.com/undici-types/-/undici-types-6.20.0.tgz#8171bf22c1f588d1554d55bf204bc624af388433"
  integrity sha512-Ny6QZ2Nju20vw1SRHe3d9jVu6gJ+4e3+MMpqu7pqE5HT6WsTSlce++GQmK5UXS8mzV8DSYHrQH+Xrf2jVcuKNg==

util-deprecate@~1.0.1:
  version "1.0.2"
  resolved "https://registry.yarnpkg.com/util-deprecate/-/util-deprecate-1.0.2.tgz#450d4dc9fa70de732762fbd2d4a28981419a0ccf"
  integrity sha512-EPD5q1uXyFxJpCrLnCc1nHnq3gOa6DZBocAIiI2TaSCA7VCJ1UJDMagCzIkXNsUYfD1daK//LTEQ8xiIbrHtcw==
