# THIS IS AN AUTOGENERATED FILE. DO NOT EDIT THIS FILE DIRECTLY.
# yarn lockfile v1


"@types/crypto-js@^4.2.2":
  version "4.2.2"
  resolved "https://registry.yarnpkg.com/@types/crypto-js/-/crypto-js-4.2.2.tgz#771c4a768d94eb5922cc202a3009558204df0cea"
  integrity sha512-sDOLlVbHhXpAUAL0YHDUUwDZf3iN4Bwi4W6a0W0b+QcAezUbRtH4FVb+9J4h+XFPW7l/gQ9F8qC7P+Ec4k8QVQ==

"@types/node@^22.10.10":
  version "22.10.10"
  resolved "https://registry.yarnpkg.com/@types/node/-/node-22.10.10.tgz#85fe89f8bf459dc57dfef1689bd5b52ad1af07e6"
  integrity sha512-X47y/mPNzxviAGY5TcYPtYL8JsY3kAq2n8fMmKoRCxq/c4v4pyGNCzM2R6+M5/umG4ZfHuT+sgqDYqWc9rJ6ww==
  dependencies:
    undici-types "~6.20.0"

acorn-walk@^8.2.0:
  version "8.3.4"
  resolved "https://registry.yarnpkg.com/acorn-walk/-/acorn-walk-8.3.4.tgz#794dd169c3977edf4ba4ea47583587c5866236b7"
  integrity sha512-ueEepnujpqee2o5aIYnvHU6C0A42MNdsIDeqy5BydrkuC5R1ZuUFnm27EeFJGoEHJQgn3uleRvmTXaJgfXbt4g==
  dependencies:
    acorn "^8.11.0"

acorn@^8.11.0, acorn@^8.7.0:
  version "8.14.0"
  resolved "https://registry.yarnpkg.com/acorn/-/acorn-8.14.0.tgz#063e2c70cac5fb4f6467f0b11152e04c682795b0"
  integrity sha512-cl669nCJTZBsL97OF4kUQm5g5hC2uihk0NxY3WENAC0TYdILVkAyHymAntgxGkl7K+t0cXIrH5siy5S4XkFycA==

beautiful-soup-js@^0.0.4:
  version "0.0.4"
  resolved "https://registry.yarnpkg.com/beautiful-soup-js/-/beautiful-soup-js-0.0.4.tgz#df2dfc3c76428f0c446847238d695522a23c2eea"
  integrity sha512-OBigy3V9QnLxNeNFsCIJF0X9QYUX1Q891fm6+RoGjjxNB8AWII4iBqUaFVpUEzfVIUgvr8IOrKtEIHLupzDAZg==
  dependencies:
    htmlparser "^1.7.7"

crypto-js@^4.2.0:
  version "4.2.0"
  resolved "https://registry.yarnpkg.com/crypto-js/-/crypto-js-4.2.0.tgz#4d931639ecdfd12ff80e8186dba6af2c2e856631"
  integrity sha512-KALDyEYgpY+Rlob/iriUtjV6d5Eq+Y191A5g4UqLAi8CyGP9N1+FdVbkc1SxKc2r4YAYqG8JzO2KGL+AizD70Q==

htmlparser@^1.7.7:
  version "1.7.7"
  resolved "https://registry.yarnpkg.com/htmlparser/-/htmlparser-1.7.7.tgz#19e7b3997ff6fbac99ae5a7d2766489efe7e2d0e"
  integrity sha512-zpK66ifkT0fauyFh2Mulrq4AqGTucxGtOhZ8OjkbSfcCpkqQEI8qRkY0tSQSJNAQ4HUZkgWaU4fK4EH6SVH9PQ==

typescript@^5.7.3:
  version "5.7.3"
  resolved "https://registry.yarnpkg.com/typescript/-/typescript-5.7.3.tgz#919b44a7dbb8583a9b856d162be24a54bf80073e"
  integrity sha512-84MVSjMEHP+FQRPy3pX9sTVV/INIex71s9TL2Gm5FG/WG1SqXeKyZ0k7/blY/4FdOzI12CBy1vGc4og/eus0fw==

undici-types@~6.20.0:
  version "6.20.0"
  resolved "https://registry.yarnpkg.com/undici-types/-/undici-types-6.20.0.tgz#8171bf22c1f588d1554d55bf204bc624af388433"
  integrity sha512-Ny6QZ2Nju20vw1SRHe3d9jVu6gJ+4e3+MMpqu7pqE5HT6WsTSlce++GQmK5UXS8mzV8DSYHrQH+Xrf2jVcuKNg==

vm2@^3.9.19:
  version "3.9.19"
  resolved "https://registry.yarnpkg.com/vm2/-/vm2-3.9.19.tgz#be1e1d7a106122c6c492b4d51c2e8b93d3ed6a4a"
  integrity sha512-J637XF0DHDMV57R6JyVsTak7nIL8gy5KH4r1HiwWLf/4GBbb5MKL5y7LpmF4A8E2nR6XmzpmMFQ7V7ppPTmUQg==
  dependencies:
    acorn "^8.7.0"
    acorn-walk "^8.2.0"
